PODS:
  - BVLinearGradient (2.5.4):
    - React
  - React (0.59.9):
    - React/Core (= 0.59.9)
  - react-native-spinkit (1.0.2):
    - React
  - React/Core (0.59.9):
    - yoga (= 0.59.9.React)
  - React/fishhook (0.59.9)
  - React/RCTActionSheet (0.59.9):
    - React/Core
  - React/RCTAnimation (0.59.9):
    - React/Core
  - React/RCTBlob (0.59.9):
    - React/Core
  - React/RCTImage (0.59.9):
    - React/Core
    - React/RCTNetwork
  - React/RCTLinkingIOS (0.59.9):
    - React/Core
  - React/RCTNetwork (0.59.9):
    - React/Core
  - React/RCTSettings (0.59.9):
    - React/Core
  - React/RCTText (0.59.9):
    - React/Core
  - React/RCTVibration (0.59.9):
    - React/Core
  - React/RCTWebSocket (0.59.9):
    - React/Core
    - React/fishhook
    - React/RCTBlob
  - RNDeviceInfo (2.2.1):
    - React
  - RNGestureHandler (1.3.0):
    - React
  - RNVectorIcons (6.6.0):
    - React
  - yoga (0.59.9.React)

DEPENDENCIES:
  - BVLinearGradient (from `../node_modules/react-native-linear-gradient`)
  - react-native-spinkit (from `../node_modules/react-native-spinkit`)
  - React/Core (from `../node_modules/react-native`)
  - React/RCTActionSheet (from `../node_modules/react-native`)
  - React/RCTAnimation (from `../node_modules/react-native`)
  - React/RCTImage (from `../node_modules/react-native`)
  - React/RCTLinkingIOS (from `../node_modules/react-native`)
  - React/RCTNetwork (from `../node_modules/react-native`)
  - React/RCTSettings (from `../node_modules/react-native`)
  - React/RCTText (from `../node_modules/react-native`)
  - React/RCTVibration (from `../node_modules/react-native`)
  - React/RCTWebSocket (from `../node_modules/react-native`)
  - RNDeviceInfo (from `../node_modules/react-native-device-info`)
  - RNGestureHandler (from `../node_modules/react-native-gesture-handler`)
  - RNVectorIcons (from `../node_modules/react-native-vector-icons`)
  - yoga (from `../node_modules/react-native/ReactCommon/yoga/yoga.podspec`)

EXTERNAL SOURCES:
  BVLinearGradient:
    :path: "../node_modules/react-native-linear-gradient"
  React:
    :path: "../node_modules/react-native"
  react-native-spinkit:
    :path: "../node_modules/react-native-spinkit"
  RNDeviceInfo:
    :path: "../node_modules/react-native-device-info"
  RNGestureHandler:
    :path: "../node_modules/react-native-gesture-handler"
  RNVectorIcons:
    :path: "../node_modules/react-native-vector-icons"
  yoga:
    :path: "../node_modules/react-native/ReactCommon/yoga/yoga.podspec"

SPEC CHECKSUMS:
  BVLinearGradient: 8cbc5155c978f2e43098818c91d206d07aae6d30
  React: a86b92f00edbe1873a63e4a212c29b7a7ad5224f
  react-native-spinkit: 9a5d2f95aa975d5660fd3e76b7eac38e7329e46c
  RNDeviceInfo: 94d7ce92098f9653c93b8306b7dc40a761d145ff
  RNGestureHandler: 5329a942fce3d41c68b84c2c2276ce06a696d8b0
  RNVectorIcons: 0bb4def82230be1333ddaeee9fcba45f0b288ed4
  yoga: 03ff42a6f223fb88deeaed60249020d80c3091ee

PODFILE CHECKSUM: c04785212d6266c86721dc768c0c696da3bc964c

COCOAPODS: 1.8.4
